
Microsoft Visual Studio Solution File, Format Version 12.00
# Visual Studio Version 16
VisualStudioVersion = 16.0.30611.23
MinimumVisualStudioVersion = 10.0.40219.1
Project("{FAE04EC0-301F-11D3-BF4B-00C04F79EFBC}") = "Go Go trucker", "Go Go trucker\Go Go trucker.csproj", "{8ECE68B9-13D5-4179-BF79-FEAC104AFEAE}"
EndProject
Global
	GlobalSection(SolutionConfigurationPlatforms) = preSolution
		Debug|Any CPU = Debug|Any CPU
		Release|Any CPU = Release|Any CPU
	EndGlobalSection
	GlobalSection(ProjectConfigurationPlatforms) = postSolution
		{8ECE68B9-13D5-4179-BF79-FEAC104AFEAE}.Debug|Any CPU.ActiveCfg = Debug|Any CPU
		{8ECE68B9-13D5-4179-BF79-FEAC104AFEAE}.Debug|Any CPU.Build.0 = Debug|Any CPU
		{8ECE68B9-13D5-4179-BF79-FEAC104AFEAE}.Release|Any CPU.ActiveCfg = Release|Any CPU
		{8ECE68B9-13D5-4179-BF79-FEAC104AFEAE}.Release|Any CPU.Build.0 = Release|Any CPU
	EndGlobalSection
	GlobalSection(SolutionProperties) = preSolution
		HideSolutionNode = FALSE
	EndGlobalSection
	GlobalSection(ExtensibilityGlobals) = postSolution
		SolutionGuid = {E1048396-600F-439C-BCA2-8464AAEE5342}
	EndGlobalSection
EndGlobal
